
Microsoft Visual Studio Solution File, Format Version 12.00
# Visual Studio Version 17
VisualStudioVersion = 17.13.35806.99 d17.13
MinimumVisualStudioVersion = 10.0.40219.1
Project("{FAE04EC0-301F-11D3-BF4B-00C04F79EFBC}") = "Web-API-Versioning", "Web-API-Versioning.csproj", "{8EA7A2DB-97C3-4696-8C12-D8E5242E75E3}"
EndProject
Global
	GlobalSection(SolutionConfigurationPlatforms) = preSolution
		Debug|Any CPU = Debug|Any CPU
		Release|Any CPU = Release|Any CPU
	EndGlobalSection
	GlobalSection(ProjectConfigurationPlatforms) = postSolution
		{8EA7A2DB-97C3-4696-8C12-D8E5242E75E3}.Debug|Any CPU.ActiveCfg = Debug|Any CPU
		{8EA7A2DB-97C3-4696-8C12-D8E5242E75E3}.Debug|Any CPU.Build.0 = Debug|Any CPU
		{8EA7A2DB-97C3-4696-8C12-D8E5242E75E3}.Release|Any CPU.ActiveCfg = Release|Any CPU
		{8EA7A2DB-97C3-4696-8C12-D8E5242E75E3}.Release|Any CPU.Build.0 = Release|Any CPU
	EndGlobalSection
	GlobalSection(SolutionProperties) = preSolution
		HideSolutionNode = FALSE
	EndGlobalSection
	GlobalSection(ExtensibilityGlobals) = postSolution
		SolutionGuid = {62439CB6-EE72-4CA1-A2BD-7C0A1D6B63A8}
	EndGlobalSection
EndGlobal
